
Microsoft Visual Studio Solution File, Format Version 12.00
# Visual Studio Version 17
VisualStudioVersion = 17.11.35327.3
MinimumVisualStudioVersion = 10.0.40219.1
Project("{FAE04EC0-301F-11D3-BF4B-00C04F79EFBC}") = "Truestory_WebAPI", "Truestory_WebAPI\Truestory_WebAPI.csproj", "{F03CBA9B-3853-48EB-BA06-7D5EA3BD8676}"
EndProject
Global
	GlobalSection(SolutionConfigurationPlatforms) = preSolution
		Debug|Any CPU = Debug|Any CPU
		Release|Any CPU = Release|Any CPU
	EndGlobalSection
	GlobalSection(ProjectConfigurationPlatforms) = postSolution
		{F03CBA9B-3853-48EB-BA06-7D5EA3BD8676}.Debug|Any CPU.ActiveCfg = Debug|Any CPU
		{F03CBA9B-3853-48EB-BA06-7D5EA3BD8676}.Debug|Any CPU.Build.0 = Debug|Any CPU
		{F03CBA9B-3853-48EB-BA06-7D5EA3BD8676}.Release|Any CPU.ActiveCfg = Release|Any CPU
		{F03CBA9B-3853-48EB-BA06-7D5EA3BD8676}.Release|Any CPU.Build.0 = Release|Any CPU
	EndGlobalSection
	GlobalSection(SolutionProperties) = preSolution
		HideSolutionNode = FALSE
	EndGlobalSection
	GlobalSection(ExtensibilityGlobals) = postSolution
		SolutionGuid = {FA782561-538F-4D6E-9F67-43FF7CFDD641}
	EndGlobalSection
EndGlobal
